
Microsoft Visual Studio Solution File, Format Version 12.00
# Visual Studio Version 17
VisualStudioVersion = 17.6.33712.159
MinimumVisualStudioVersion = 10.0.40219.1
Project("{FAE04EC0-301F-11D3-BF4B-00C04F79EFBC}") = "Registration", "Registration.csproj", "{472B2999-B399-4A52-A0A7-7F7E7D80C765}"
EndProject
Global
	GlobalSection(SolutionConfigurationPlatforms) = preSolution
		Debug|Any CPU = Debug|Any CPU
		Release|Any CPU = Release|Any CPU
	EndGlobalSection
	GlobalSection(ProjectConfigurationPlatforms) = postSolution
		{472B2999-B399-4A52-A0A7-7F7E7D80C765}.Debug|Any CPU.ActiveCfg = Debug|Any CPU
		{472B2999-B399-4A52-A0A7-7F7E7D80C765}.Debug|Any CPU.Build.0 = Debug|Any CPU
		{472B2999-B399-4A52-A0A7-7F7E7D80C765}.Release|Any CPU.ActiveCfg = Release|Any CPU
		{472B2999-B399-4A52-A0A7-7F7E7D80C765}.Release|Any CPU.Build.0 = Release|Any CPU
	EndGlobalSection
	GlobalSection(SolutionProperties) = preSolution
		HideSolutionNode = FALSE
	EndGlobalSection
	GlobalSection(ExtensibilityGlobals) = postSolution
		SolutionGuid = {B110B68B-B7E2-4833-B346-9C27FA15A468}
	EndGlobalSection
EndGlobal
